
Microsoft Visual Studio Solution File, Format Version 12.00
# Visual Studio 15
VisualStudioVersion = 15.0.27004.2006
MinimumVisualStudioVersion = 10.0.40219.1
Project("{9A19103F-16F7-4668-BE54-9A1E7A4F7556}") = "FizzBuzzKata", "FizzBuzzKata\FizzBuzzKata.csproj", "{AB118089-74EB-497C-8D87-21B60E1ABDF0}"
EndProject
Project("{9A19103F-16F7-4668-BE54-9A1E7A4F7556}") = "WordWrapKata", "WordWrapKata\WordWrapKata.csproj", "{168CF531-360A-455C-B51B-FF8945E640B7}"
EndProject
Project("{9A19103F-16F7-4668-BE54-9A1E7A4F7556}") = "WordHistorgramKata", "WordHistorgramKata\WordHistorgramKata.csproj", "{9689C33C-D1F9-41BF-A4CA-F0EB678B353F}"
EndProject
Project("{9A19103F-16F7-4668-BE54-9A1E7A4F7556}") = "RomanNumeralsKata", "RomanNumeralsKata\RomanNumeralsKata.csproj", "{495EE4A7-C29A-4137-A523-F1FF1A7B9559}"
EndProject
Project("{FAE04EC0-301F-11D3-BF4B-00C04F79EFBC}") = "LinkedListKata", "LinkedListKata\LinkedListKata.csproj", "{648CA59C-A047-4654-927D-726438C7F8CA}"
EndProject
Project("{FAE04EC0-301F-11D3-BF4B-00C04F79EFBC}") = "ShippingCostsKata", "ShippingCostsKata\ShippingCostsKata.csproj", "{D4DF4B2D-B757-459E-9B74-79F8D9B7010C}"
EndProject
Project("{FAE04EC0-301F-11D3-BF4B-00C04F79EFBC}") = "MobilePhoneBillingKata", "MobilePhoneBillingKata\MobilePhoneBillingKata.csproj", "{6815A922-6EB3-4E4A-AC15-12551566E647}"
EndProject
Project("{FAE04EC0-301F-11D3-BF4B-00C04F79EFBC}") = "ArithmeticExpressionsKata", "ArithmeticExpressionsKata\ArithmeticExpressionsKata.csproj", "{F6FA6D62-6A8C-4216-83DD-746DC345A49E}"
EndProject
Project("{FAE04EC0-301F-11D3-BF4B-00C04F79EFBC}") = "MarsRoverKata", "MarsRoverKata\MarsRoverKata.csproj", "{162D0BE6-9DBC-498E-9009-5136BBC71ABA}"
EndProject
Project("{FAE04EC0-301F-11D3-BF4B-00C04F79EFBC}") = "MacroProcessorKata", "MacroProcessorKata\MacroProcessorKata.csproj", "{62C57A81-5700-49A2-AAE9-71D3B0C5FBA7}"
EndProject
Project("{FAE04EC0-301F-11D3-BF4B-00C04F79EFBC}") = "HashtableKata", "HashtableKata\HashtableKata.csproj", "{54A4F86B-BEB4-4F37-8333-F9FBE0621DC9}"
EndProject
Project("{FAE04EC0-301F-11D3-BF4B-00C04F79EFBC}") = "SupermarketCheckoutKata", "SupermarketCheckoutKata\SupermarketCheckoutKata.csproj", "{4D415F60-B65C-434C-B45B-ED215DC483BB}"
EndProject
Global
	GlobalSection(SolutionConfigurationPlatforms) = preSolution
		Debug|Any CPU = Debug|Any CPU
		Release|Any CPU = Release|Any CPU
	EndGlobalSection
	GlobalSection(ProjectConfigurationPlatforms) = postSolution
		{AB118089-74EB-497C-8D87-21B60E1ABDF0}.Debug|Any CPU.ActiveCfg = Debug|Any CPU
		{AB118089-74EB-497C-8D87-21B60E1ABDF0}.Debug|Any CPU.Build.0 = Debug|Any CPU
		{AB118089-74EB-497C-8D87-21B60E1ABDF0}.Release|Any CPU.ActiveCfg = Release|Any CPU
		{AB118089-74EB-497C-8D87-21B60E1ABDF0}.Release|Any CPU.Build.0 = Release|Any CPU
		{168CF531-360A-455C-B51B-FF8945E640B7}.Debug|Any CPU.ActiveCfg = Debug|Any CPU
		{168CF531-360A-455C-B51B-FF8945E640B7}.Debug|Any CPU.Build.0 = Debug|Any CPU
		{168CF531-360A-455C-B51B-FF8945E640B7}.Release|Any CPU.ActiveCfg = Release|Any CPU
		{168CF531-360A-455C-B51B-FF8945E640B7}.Release|Any CPU.Build.0 = Release|Any CPU
		{9689C33C-D1F9-41BF-A4CA-F0EB678B353F}.Debug|Any CPU.ActiveCfg = Debug|Any CPU
		{9689C33C-D1F9-41BF-A4CA-F0EB678B353F}.Debug|Any CPU.Build.0 = Debug|Any CPU
		{9689C33C-D1F9-41BF-A4CA-F0EB678B353F}.Release|Any CPU.ActiveCfg = Release|Any CPU
		{9689C33C-D1F9-41BF-A4CA-F0EB678B353F}.Release|Any CPU.Build.0 = Release|Any CPU
		{495EE4A7-C29A-4137-A523-F1FF1A7B9559}.Debug|Any CPU.ActiveCfg = Debug|Any CPU
		{495EE4A7-C29A-4137-A523-F1FF1A7B9559}.Debug|Any CPU.Build.0 = Debug|Any CPU
		{495EE4A7-C29A-4137-A523-F1FF1A7B9559}.Release|Any CPU.ActiveCfg = Release|Any CPU
		{495EE4A7-C29A-4137-A523-F1FF1A7B9559}.Release|Any CPU.Build.0 = Release|Any CPU
		{648CA59C-A047-4654-927D-726438C7F8CA}.Debug|Any CPU.ActiveCfg = Debug|Any CPU
		{648CA59C-A047-4654-927D-726438C7F8CA}.Debug|Any CPU.Build.0 = Debug|Any CPU
		{648CA59C-A047-4654-927D-726438C7F8CA}.Release|Any CPU.ActiveCfg = Release|Any CPU
		{648CA59C-A047-4654-927D-726438C7F8CA}.Release|Any CPU.Build.0 = Release|Any CPU
		{D4DF4B2D-B757-459E-9B74-79F8D9B7010C}.Debug|Any CPU.ActiveCfg = Debug|Any CPU
		{D4DF4B2D-B757-459E-9B74-79F8D9B7010C}.Debug|Any CPU.Build.0 = Debug|Any CPU
		{D4DF4B2D-B757-459E-9B74-79F8D9B7010C}.Release|Any CPU.ActiveCfg = Release|Any CPU
		{D4DF4B2D-B757-459E-9B74-79F8D9B7010C}.Release|Any CPU.Build.0 = Release|Any CPU
		{6815A922-6EB3-4E4A-AC15-12551566E647}.Debug|Any CPU.ActiveCfg = Debug|Any CPU
		{6815A922-6EB3-4E4A-AC15-12551566E647}.Debug|Any CPU.Build.0 = Debug|Any CPU
		{6815A922-6EB3-4E4A-AC15-12551566E647}.Release|Any CPU.ActiveCfg = Release|Any CPU
		{6815A922-6EB3-4E4A-AC15-12551566E647}.Release|Any CPU.Build.0 = Release|Any CPU
		{F6FA6D62-6A8C-4216-83DD-746DC345A49E}.Debug|Any CPU.ActiveCfg = Debug|Any CPU
		{F6FA6D62-6A8C-4216-83DD-746DC345A49E}.Debug|Any CPU.Build.0 = Debug|Any CPU
		{F6FA6D62-6A8C-4216-83DD-746DC345A49E}.Release|Any CPU.ActiveCfg = Release|Any CPU
		{F6FA6D62-6A8C-4216-83DD-746DC345A49E}.Release|Any CPU.Build.0 = Release|Any CPU
		{162D0BE6-9DBC-498E-9009-5136BBC71ABA}.Debug|Any CPU.ActiveCfg = Debug|Any CPU
		{162D0BE6-9DBC-498E-9009-5136BBC71ABA}.Debug|Any CPU.Build.0 = Debug|Any CPU
		{162D0BE6-9DBC-498E-9009-5136BBC71ABA}.Release|Any CPU.ActiveCfg = Release|Any CPU
		{162D0BE6-9DBC-498E-9009-5136BBC71ABA}.Release|Any CPU.Build.0 = Release|Any CPU
		{62C57A81-5700-49A2-AAE9-71D3B0C5FBA7}.Debug|Any CPU.ActiveCfg = Debug|Any CPU
		{62C57A81-5700-49A2-AAE9-71D3B0C5FBA7}.Debug|Any CPU.Build.0 = Debug|Any CPU
		{62C57A81-5700-49A2-AAE9-71D3B0C5FBA7}.Release|Any CPU.ActiveCfg = Release|Any CPU
		{62C57A81-5700-49A2-AAE9-71D3B0C5FBA7}.Release|Any CPU.Build.0 = Release|Any CPU
		{54A4F86B-BEB4-4F37-8333-F9FBE0621DC9}.Debug|Any CPU.ActiveCfg = Debug|Any CPU
		{54A4F86B-BEB4-4F37-8333-F9FBE0621DC9}.Debug|Any CPU.Build.0 = Debug|Any CPU
		{54A4F86B-BEB4-4F37-8333-F9FBE0621DC9}.Release|Any CPU.ActiveCfg = Release|Any CPU
		{54A4F86B-BEB4-4F37-8333-F9FBE0621DC9}.Release|Any CPU.Build.0 = Release|Any CPU
		{4D415F60-B65C-434C-B45B-ED215DC483BB}.Debug|Any CPU.ActiveCfg = Debug|Any CPU
		{4D415F60-B65C-434C-B45B-ED215DC483BB}.Debug|Any CPU.Build.0 = Debug|Any CPU
		{4D415F60-B65C-434C-B45B-ED215DC483BB}.Release|Any CPU.ActiveCfg = Release|Any CPU
		{4D415F60-B65C-434C-B45B-ED215DC483BB}.Release|Any CPU.Build.0 = Release|Any CPU
	EndGlobalSection
	GlobalSection(SolutionProperties) = preSolution
		HideSolutionNode = FALSE
	EndGlobalSection
	GlobalSection(ExtensibilityGlobals) = postSolution
		SolutionGuid = {FA5E0E8B-E287-401C-8988-7C52E4DCB97F}
	EndGlobalSection
EndGlobal
